
Microsoft Visual Studio Solution File, Format Version 12.00
# Visual Studio Version 17
VisualStudioVersion = 17.10.35013.160
MinimumVisualStudioVersion = 10.0.40219.1
Project("{9A19103F-16F7-4668-BE54-9A1E7A4F7556}") = "BlazingCountdown", "BlazingCountdown\BlazingCountdown\BlazingCountdown.csproj", "{496CE795-A979-48B5-8CAA-CE2E841A627F}"
EndProject
Project("{9A19103F-16F7-4668-BE54-9A1E7A4F7556}") = "BlazingCountdown.Client", "BlazingCountdown\BlazingCountdown.Client\BlazingCountdown.Client.csproj", "{1823B9ED-D9B7-461B-A39C-0B1A36608F31}"
EndProject
Global
	GlobalSection(SolutionConfigurationPlatforms) = preSolution
		Debug|Any CPU = Debug|Any CPU
		Release|Any CPU = Release|Any CPU
	EndGlobalSection
	GlobalSection(ProjectConfigurationPlatforms) = postSolution
		{496CE795-A979-48B5-8CAA-CE2E841A627F}.Debug|Any CPU.ActiveCfg = Debug|Any CPU
		{496CE795-A979-48B5-8CAA-CE2E841A627F}.Debug|Any CPU.Build.0 = Debug|Any CPU
		{496CE795-A979-48B5-8CAA-CE2E841A627F}.Release|Any CPU.ActiveCfg = Release|Any CPU
		{496CE795-A979-48B5-8CAA-CE2E841A627F}.Release|Any CPU.Build.0 = Release|Any CPU
		{1823B9ED-D9B7-461B-A39C-0B1A36608F31}.Debug|Any CPU.ActiveCfg = Debug|Any CPU
		{1823B9ED-D9B7-461B-A39C-0B1A36608F31}.Debug|Any CPU.Build.0 = Debug|Any CPU
		{1823B9ED-D9B7-461B-A39C-0B1A36608F31}.Release|Any CPU.ActiveCfg = Release|Any CPU
		{1823B9ED-D9B7-461B-A39C-0B1A36608F31}.Release|Any CPU.Build.0 = Release|Any CPU
	EndGlobalSection
	GlobalSection(SolutionProperties) = preSolution
		HideSolutionNode = FALSE
	EndGlobalSection
	GlobalSection(ExtensibilityGlobals) = postSolution
		SolutionGuid = {5ECC0AD7-5763-40FC-BFE3-7B655D4DB270}
	EndGlobalSection
EndGlobal
